
Microsoft Visual Studio Solution File, Format Version 9.00
# Visual Studio 2005
Project("{8BC9CEB8-8B4A-11D0-8D11-00A0C91BC942}") = "first_fit", "first_fit\first_fit.vcproj", "{C735C2C9-456E-4EF8-ABC1-DE7A53624EB8}"
EndProject
Global
	GlobalSection(SolutionConfigurationPlatforms) = preSolution
		Debug|Win32 = Debug|Win32
		Release|Win32 = Release|Win32
	EndGlobalSection
	GlobalSection(ProjectConfigurationPlatforms) = postSolution
		{C735C2C9-456E-4EF8-ABC1-DE7A53624EB8}.Debug|Win32.ActiveCfg = Debug|Win32
		{C735C2C9-456E-4EF8-ABC1-DE7A53624EB8}.Debug|Win32.Build.0 = Debug|Win32
		{C735C2C9-456E-4EF8-ABC1-DE7A53624EB8}.Release|Win32.ActiveCfg = Release|Win32
		{C735C2C9-456E-4EF8-ABC1-DE7A53624EB8}.Release|Win32.Build.0 = Release|Win32
	EndGlobalSection
	GlobalSection(SolutionProperties) = preSolution
		HideSolutionNode = FALSE
	EndGlobalSection
EndGlobal
